
Microsoft Visual Studio Solution File, Format Version 12.00
# Visual Studio Version 17
VisualStudioVersion = 17.9.34723.18
MinimumVisualStudioVersion = 10.0.40219.1
Project("{FAE04EC0-301F-11D3-BF4B-00C04F79EFBC}") = "MCDC", "MCDC.csproj", "{892709A2-8F5B-4213-A770-5F66E6B993B6}"
EndProject
Global
	GlobalSection(SolutionConfigurationPlatforms) = preSolution
		Debug|Any CPU = Debug|Any CPU
		Release|Any CPU = Release|Any CPU
	EndGlobalSection
	GlobalSection(ProjectConfigurationPlatforms) = postSolution
		{892709A2-8F5B-4213-A770-5F66E6B993B6}.Debug|Any CPU.ActiveCfg = Debug|Any CPU
		{892709A2-8F5B-4213-A770-5F66E6B993B6}.Debug|Any CPU.Build.0 = Debug|Any CPU
		{892709A2-8F5B-4213-A770-5F66E6B993B6}.Release|Any CPU.ActiveCfg = Release|Any CPU
		{892709A2-8F5B-4213-A770-5F66E6B993B6}.Release|Any CPU.Build.0 = Release|Any CPU
	EndGlobalSection
	GlobalSection(SolutionProperties) = preSolution
		HideSolutionNode = FALSE
	EndGlobalSection
	GlobalSection(ExtensibilityGlobals) = postSolution
		SolutionGuid = {FB6AEBF2-3070-49B9-9697-7E940CBDD3EB}
	EndGlobalSection
EndGlobal
